// !$*UTF8*$!
{
	archiveVersion = 1;
	classes = {
	};
	objectVersion = 46;
	objects = {

/* Begin PBXBuildFile section */
		E28952D418771D4A00291782 /* icon29pt@2x.png in Resources */ = {isa = PBXBuildFile; fileRef = E28952D118771D4A00291782 /* icon29pt@2x.png */; };
		E28952D518771D4A00291782 /* icon40pt@2x.png in Resources */ = {isa = PBXBuildFile; fileRef = E28952D218771D4A00291782 /* icon40pt@2x.png */; };
		E28952D618771D4A00291782 /* icon60pt@2x.png in Resources */ = {isa = PBXBuildFile; fileRef = E28952D318771D4A00291782 /* icon60pt@2x.png */; };
		E28952E0187720EC00291782 /* icon76pt@2x.png in Resources */ = {isa = PBXBuildFile; fileRef = E28952D7187720EC00291782 /* icon76pt@2x.png */; };
		E28952E1187720EC00291782 /* icon76pt.png in Resources */ = {isa = PBXBuildFile; fileRef = E28952D8187720EC00291782 /* icon76pt.png */; };
		E28952E2187720EC00291782 /* icon50pt@2x.png in Resources */ = {isa = PBXBuildFile; fileRef = E28952D9187720EC00291782 /* icon50pt@2x.png */; };
		E28952E3187720EC00291782 /* icon50pt.png in Resources */ = {isa = PBXBuildFile; fileRef = E28952DA187720EC00291782 /* icon50pt.png */; };
		E28952E4187720EC00291782 /* icon72pt@2x.png in Resources */ = {isa = PBXBuildFile; fileRef = E28952DB187720EC00291782 /* icon72pt@2x.png */; };
		E28952E5187720EC00291782 /* icon72pt.png in Resources */ = {isa = PBXBuildFile; fileRef = E28952DC187720EC00291782 /* icon72pt.png */; };
		E28952E6187720EC00291782 /* icon57pt@2x.png in Resources */ = {isa = PBXBuildFile; fileRef = E28952DD187720EC00291782 /* icon57pt@2x.png */; };
		E28952E7187720EC00291782 /* icon57pt.png in Resources */ = {isa = PBXBuildFile; fileRef = E28952DE187720EC00291782 /* icon57pt.png */; };
		E28952E8187720EC00291782 /* icon29pt.png in Resources */ = {isa = PBXBuildFile; fileRef = E28952DF187720EC00291782 /* icon29pt.png */; };
		E28952EA1877214700291782 /* icon40pt.png in Resources */ = {isa = PBXBuildFile; fileRef = E28952E91877214700291782 /* icon40pt.png */; };
		E2AFD6921874814300B04D8C /* Foundation.framework in Frameworks */ = {isa = PBXBuildFile; fileRef = E2AFD6911874814300B04D8C /* Foundation.framework */; };
		E2AFD6941874814300B04D8C /* CoreGraphics.framework in Frameworks */ = {isa = PBXBuildFile; fileRef = E2AFD6931874814300B04D8C /* CoreGraphics.framework */; };
		E2AFD6961874814300B04D8C /* UIKit.framework in Frameworks */ = {isa = PBXBuildFile; fileRef = E2AFD6951874814300B04D8C /* UIKit.framework */; };
		E2AFD69A1874814300B04D8C /* OpenGLES.framework in Frameworks */ = {isa = PBXBuildFile; fileRef = E2AFD6991874814300B04D8C /* OpenGLES.framework */; };
		E2AFD6A01874814300B04D8C /* InfoPlist.strings in Resources */ = {isa = PBXBuildFile; fileRef = E2AFD69E1874814300B04D8C /* InfoPlist.strings */; };
		E2AFD6A21874814300B04D8C /* main.m in Sources */ = {isa = PBXBuildFile; fileRef = E2AFD6A11874814300B04D8C /* main.m */; };
		E2AFD6A61874814300B04D8C /* AppDelegate.m in Sources */ = {isa = PBXBuildFile; fileRef = E2AFD6A51874814300B04D8C /* AppDelegate.m */; };
		E2AFD6AB1874814300B04D8C /* MandelbrotShader.fsh in Resources */ = {isa = PBXBuildFile; fileRef = E2AFD6AA1874814300B04D8C /* MandelbrotShader.fsh */; };
		E2AFD6AD1874814300B04D8C /* Shader.vsh in Resources */ = {isa = PBXBuildFile; fileRef = E2AFD6AC1874814300B04D8C /* Shader.vsh */; };
		E2AFD6B01874814300B04D8C /* ViewController.m in Sources */ = {isa = PBXBuildFile; fileRef = E2AFD6AF1874814300B04D8C /* ViewController.m */; };
		E2AFD6B21874814300B04D8C /* Images.xcassets in Resources */ = {isa = PBXBuildFile; fileRef = E2AFD6B11874814300B04D8C /* Images.xcassets */; };
		E2AFD6B91874814300B04D8C /* XCTest.framework in Frameworks */ = {isa = PBXBuildFile; fileRef = E2AFD6B81874814300B04D8C /* XCTest.framework */; };
		E2AFD6BA1874814300B04D8C /* Foundation.framework in Frameworks */ = {isa = PBXBuildFile; fileRef = E2AFD6911874814300B04D8C /* Foundation.framework */; };
		E2AFD6BB1874814300B04D8C /* UIKit.framework in Frameworks */ = {isa = PBXBuildFile; fileRef = E2AFD6951874814300B04D8C /* UIKit.framework */; };
		E2AFD6C31874814400B04D8C /* InfoPlist.strings in Resources */ = {isa = PBXBuildFile; fileRef = E2AFD6C11874814400B04D8C /* InfoPlist.strings */; };
		E2AFD6C51874814400B04D8C /* MandelbrotShaderTests.m in Sources */ = {isa = PBXBuildFile; fileRef = E2AFD6C41874814400B04D8C /* MandelbrotShaderTests.m */; };
		E2AFD6CF187485C200B04D8C /* GLKit.framework in Frameworks */ = {isa = PBXBuildFile; fileRef = E2AFD6CE187485C200B04D8C /* GLKit.framework */; };
		E2CE822E187603BE00914531 /* JuliaShader.fsh in Resources */ = {isa = PBXBuildFile; fileRef = E2CE822C1876037C00914531 /* JuliaShader.fsh */; };
		E2E4622C1875ADD200CA2DB3 /* ShaderHelper.m in Sources */ = {isa = PBXBuildFile; fileRef = E2E4622B1875ADD200CA2DB3 /* ShaderHelper.m */; };
		E2E4622F1875B57F00CA2DB3 /* GLKHelper.m in Sources */ = {isa = PBXBuildFile; fileRef = E2E4622E1875B57F00CA2DB3 /* GLKHelper.m */; };
/* End PBXBuildFile section */

/* Begin PBXContainerItemProxy section */
		E2AFD6BC1874814400B04D8C /* PBXContainerItemProxy */ = {
			isa = PBXContainerItemProxy;
			containerPortal = E2AFD6861874814300B04D8C /* Project object */;
			proxyType = 1;
			remoteGlobalIDString = E2AFD68D1874814300B04D8C;
			remoteInfo = MandelbrotShader;
		};
/* End PBXContainerItemProxy section */

/* Begin PBXFileReference section */
		E28952D118771D4A00291782 /* icon29pt@2x.png */ = {isa = PBXFileReference; lastKnownFileType = image.png; path = "icon29pt@2x.png"; sourceTree = "<group>"; };
		E28952D218771D4A00291782 /* icon40pt@2x.png */ = {isa = PBXFileReference; lastKnownFileType = image.png; path = "icon40pt@2x.png"; sourceTree = "<group>"; };
		E28952D318771D4A00291782 /* icon60pt@2x.png */ = {isa = PBXFileReference; lastKnownFileType = image.png; path = "icon60pt@2x.png"; sourceTree = "<group>"; };
		E28952D7187720EC00291782 /* icon76pt@2x.png */ = {isa = PBXFileReference; lastKnownFileType = image.png; path = "icon76pt@2x.png"; sourceTree = "<group>"; };
		E28952D8187720EC00291782 /* icon76pt.png */ = {isa = PBXFileReference; lastKnownFileType = image.png; path = icon76pt.png; sourceTree = "<group>"; };
		E28952D9187720EC00291782 /* icon50pt@2x.png */ = {isa = PBXFileReference; lastKnownFileType = image.png; path = "icon50pt@2x.png"; sourceTree = "<group>"; };
		E28952DA187720EC00291782 /* icon50pt.png */ = {isa = PBXFileReference; lastKnownFileType = image.png; path = icon50pt.png; sourceTree = "<group>"; };
		E28952DB187720EC00291782 /* icon72pt@2x.png */ = {isa = PBXFileReference; lastKnownFileType = image.png; path = "icon72pt@2x.png"; sourceTree = "<group>"; };
		E28952DC187720EC00291782 /* icon72pt.png */ = {isa = PBXFileReference; lastKnownFileType = image.png; path = icon72pt.png; sourceTree = "<group>"; };
		E28952DD187720EC00291782 /* icon57pt@2x.png */ = {isa = PBXFileReference; lastKnownFileType = image.png; path = "icon57pt@2x.png"; sourceTree = "<group>"; };
		E28952DE187720EC00291782 /* icon57pt.png */ = {isa = PBXFileReference; lastKnownFileType = image.png; path = icon57pt.png; sourceTree = "<group>"; };
		E28952DF187720EC00291782 /* icon29pt.png */ = {isa = PBXFileReference; lastKnownFileType = image.png; path = icon29pt.png; sourceTree = "<group>"; };
		E28952E91877214700291782 /* icon40pt.png */ = {isa = PBXFileReference; lastKnownFileType = image.png; path = icon40pt.png; sourceTree = "<group>"; };
		E2AFD68E1874814300B04D8C /* MandelbrotShader.app */ = {isa = PBXFileReference; explicitFileType = wrapper.application; includeInIndex = 0; path = MandelbrotShader.app; sourceTree = BUILT_PRODUCTS_DIR; };
		E2AFD6911874814300B04D8C /* Foundation.framework */ = {isa = PBXFileReference; lastKnownFileType = wrapper.framework; name = Foundation.framework; path = System/Library/Frameworks/Foundation.framework; sourceTree = SDKROOT; };
		E2AFD6931874814300B04D8C /* CoreGraphics.framework */ = {isa = PBXFileReference; lastKnownFileType = wrapper.framework; name = CoreGraphics.framework; path = System/Library/Frameworks/CoreGraphics.framework; sourceTree = SDKROOT; };
		E2AFD6951874814300B04D8C /* UIKit.framework */ = {isa = PBXFileReference; lastKnownFileType = wrapper.framework; name = UIKit.framework; path = System/Library/Frameworks/UIKit.framework; sourceTree = SDKROOT; };
		E2AFD6991874814300B04D8C /* OpenGLES.framework */ = {isa = PBXFileReference; lastKnownFileType = wrapper.framework; name = OpenGLES.framework; path = System/Library/Frameworks/OpenGLES.framework; sourceTree = SDKROOT; };
		E2AFD69D1874814300B04D8C /* MandelbrotShader-Info.plist */ = {isa = PBXFileReference; lastKnownFileType = text.plist.xml; path = "MandelbrotShader-Info.plist"; sourceTree = "<group>"; };
		E2AFD69F1874814300B04D8C /* en */ = {isa = PBXFileReference; lastKnownFileType = text.plist.strings; name = en; path = en.lproj/InfoPlist.strings; sourceTree = "<group>"; };
		E2AFD6A11874814300B04D8C /* main.m */ = {isa = PBXFileReference; lastKnownFileType = sourcecode.c.objc; path = main.m; sourceTree = "<group>"; };
		E2AFD6A31874814300B04D8C /* MandelbrotShader-Prefix.pch */ = {isa = PBXFileReference; lastKnownFileType = sourcecode.c.h; path = "MandelbrotShader-Prefix.pch"; sourceTree = "<group>"; };
		E2AFD6A41874814300B04D8C /* AppDelegate.h */ = {isa = PBXFileReference; lastKnownFileType = sourcecode.c.h; path = AppDelegate.h; sourceTree = "<group>"; };
		E2AFD6A51874814300B04D8C /* AppDelegate.m */ = {isa = PBXFileReference; lastKnownFileType = sourcecode.c.objc; path = AppDelegate.m; sourceTree = "<group>"; };
		E2AFD6AA1874814300B04D8C /* MandelbrotShader.fsh */ = {isa = PBXFileReference; lastKnownFileType = sourcecode.glsl; name = MandelbrotShader.fsh; path = Shaders/MandelbrotShader.fsh; sourceTree = "<group>"; };
		E2AFD6AC1874814300B04D8C /* Shader.vsh */ = {isa = PBXFileReference; lastKnownFileType = sourcecode.glsl; name = Shader.vsh; path = Shaders/Shader.vsh; sourceTree = "<group>"; };
		E2AFD6AE1874814300B04D8C /* ViewController.h */ = {isa = PBXFileReference; lastKnownFileType = sourcecode.c.h; path = ViewController.h; sourceTree = "<group>"; };
		E2AFD6AF1874814300B04D8C /* ViewController.m */ = {isa = PBXFileReference; lastKnownFileType = sourcecode.c.objc; path = ViewController.m; sourceTree = "<group>"; };
		E2AFD6B11874814300B04D8C /* Images.xcassets */ = {isa = PBXFileReference; lastKnownFileType = folder.assetcatalog; path = Images.xcassets; sourceTree = "<group>"; };
		E2AFD6B71874814300B04D8C /* MandelbrotShaderTests.xctest */ = {isa = PBXFileReference; explicitFileType = wrapper.cfbundle; includeInIndex = 0; path = MandelbrotShaderTests.xctest; sourceTree = BUILT_PRODUCTS_DIR; };
		E2AFD6B81874814300B04D8C /* XCTest.framework */ = {isa = PBXFileReference; lastKnownFileType = wrapper.framework; name = XCTest.framework; path = Library/Frameworks/XCTest.framework; sourceTree = DEVELOPER_DIR; };
		E2AFD6C01874814400B04D8C /* MandelbrotShaderTests-Info.plist */ = {isa = PBXFileReference; lastKnownFileType = text.plist.xml; path = "MandelbrotShaderTests-Info.plist"; sourceTree = "<group>"; };
		E2AFD6C21874814400B04D8C /* en */ = {isa = PBXFileReference; lastKnownFileType = text.plist.strings; name = en; path = en.lproj/InfoPlist.strings; sourceTree = "<group>"; };
		E2AFD6C41874814400B04D8C /* MandelbrotShaderTests.m */ = {isa = PBXFileReference; lastKnownFileType = sourcecode.c.objc; path = MandelbrotShaderTests.m; sourceTree = "<group>"; };
		E2AFD6CE187485C200B04D8C /* GLKit.framework */ = {isa = PBXFileReference; lastKnownFileType = wrapper.framework; name = GLKit.framework; path = System/Library/Frameworks/GLKit.framework; sourceTree = SDKROOT; };
		E2CE822C1876037C00914531 /* JuliaShader.fsh */ = {isa = PBXFileReference; fileEncoding = 4; lastKnownFileType = sourcecode.glsl; name = JuliaShader.fsh; path = Shaders/JuliaShader.fsh; sourceTree = "<group>"; };
		E2E4622A1875ADD200CA2DB3 /* ShaderHelper.h */ = {isa = PBXFileReference; fileEncoding = 4; lastKnownFileType = sourcecode.c.h; path = ShaderHelper.h; sourceTree = "<group>"; };
		E2E4622B1875ADD200CA2DB3 /* ShaderHelper.m */ = {isa = PBXFileReference; fileEncoding = 4; lastKnownFileType = sourcecode.c.objc; path = ShaderHelper.m; sourceTree = "<group>"; };
		E2E4622D1875B57F00CA2DB3 /* GLKHelper.h */ = {isa = PBXFileReference; fileEncoding = 4; lastKnownFileType = sourcecode.c.h; path = GLKHelper.h; sourceTree = "<group>"; };
		E2E4622E1875B57F00CA2DB3 /* GLKHelper.m */ = {isa = PBXFileReference; fileEncoding = 4; lastKnownFileType = sourcecode.c.objc; path = GLKHelper.m; sourceTree = "<group>"; };
/* End PBXFileReference section */

/* Begin PBXFrameworksBuildPhase section */
		E2AFD68B1874814300B04D8C /* Frameworks */ = {
			isa = PBXFrameworksBuildPhase;
			buildActionMask = 2147483647;
			files = (
				E2AFD6CF187485C200B04D8C /* GLKit.framework in Frameworks */,
				E2AFD69A1874814300B04D8C /* OpenGLES.framework in Frameworks */,
				E2AFD6941874814300B04D8C /* CoreGraphics.framework in Frameworks */,
				E2AFD6961874814300B04D8C /* UIKit.framework in Frameworks */,
				E2AFD6921874814300B04D8C /* Foundation.framework in Frameworks */,
			);
			runOnlyForDeploymentPostprocessing = 0;
		};
		E2AFD6B41874814300B04D8C /* Frameworks */ = {
			isa = PBXFrameworksBuildPhase;
			buildActionMask = 2147483647;
			files = (
				E2AFD6B91874814300B04D8C /* XCTest.framework in Frameworks */,
				E2AFD6BB1874814300B04D8C /* UIKit.framework in Frameworks */,
				E2AFD6BA1874814300B04D8C /* Foundation.framework in Frameworks */,
			);
			runOnlyForDeploymentPostprocessing = 0;
		};
/* End PBXFrameworksBuildPhase section */

/* Begin PBXGroup section */
		E28952D018771D4A00291782 /* images */ = {
			isa = PBXGroup;
			children = (
				E28952E91877214700291782 /* icon40pt.png */,
				E28952D7187720EC00291782 /* icon76pt@2x.png */,
				E28952D8187720EC00291782 /* icon76pt.png */,
				E28952D9187720EC00291782 /* icon50pt@2x.png */,
				E28952DA187720EC00291782 /* icon50pt.png */,
				E28952DB187720EC00291782 /* icon72pt@2x.png */,
				E28952DC187720EC00291782 /* icon72pt.png */,
				E28952DD187720EC00291782 /* icon57pt@2x.png */,
				E28952DE187720EC00291782 /* icon57pt.png */,
				E28952DF187720EC00291782 /* icon29pt.png */,
				E28952D118771D4A00291782 /* icon29pt@2x.png */,
				E28952D218771D4A00291782 /* icon40pt@2x.png */,
				E28952D318771D4A00291782 /* icon60pt@2x.png */,
			);
			path = images;
			sourceTree = "<group>";
		};
		E2AFD6851874814300B04D8C = {
			isa = PBXGroup;
			children = (
				E2AFD69B1874814300B04D8C /* MandelbrotShader */,
				E2AFD6BE1874814400B04D8C /* MandelbrotShaderTests */,
				E2AFD6901874814300B04D8C /* Frameworks */,
				E2AFD68F1874814300B04D8C /* Products */,
			);
			sourceTree = "<group>";
		};
		E2AFD68F1874814300B04D8C /* Products */ = {
			isa = PBXGroup;
			children = (
				E2AFD68E1874814300B04D8C /* MandelbrotShader.app */,
				E2AFD6B71874814300B04D8C /* MandelbrotShaderTests.xctest */,
			);
			name = Products;
			sourceTree = "<group>";
		};
		E2AFD6901874814300B04D8C /* Frameworks */ = {
			isa = PBXGroup;
			children = (
				E2AFD6CE187485C200B04D8C /* GLKit.framework */,
				E2AFD6911874814300B04D8C /* Foundation.framework */,
				E2AFD6931874814300B04D8C /* CoreGraphics.framework */,
				E2AFD6951874814300B04D8C /* UIKit.framework */,
				E2AFD6991874814300B04D8C /* OpenGLES.framework */,
				E2AFD6B81874814300B04D8C /* XCTest.framework */,
			);
			name = Frameworks;
			sourceTree = "<group>";
		};
		E2AFD69B1874814300B04D8C /* MandelbrotShader */ = {
			isa = PBXGroup;
			children = (
				E28952D018771D4A00291782 /* images */,
				E2CE822C1876037C00914531 /* JuliaShader.fsh */,
				E2AFD6A41874814300B04D8C /* AppDelegate.h */,
				E2AFD6A51874814300B04D8C /* AppDelegate.m */,
				E2AFD6AA1874814300B04D8C /* MandelbrotShader.fsh */,
				E2AFD6AC1874814300B04D8C /* Shader.vsh */,
				E2AFD6AE1874814300B04D8C /* ViewController.h */,
				E2AFD6AF1874814300B04D8C /* ViewController.m */,
				E2AFD6B11874814300B04D8C /* Images.xcassets */,
				E2AFD69C1874814300B04D8C /* Supporting Files */,
				E2E4622A1875ADD200CA2DB3 /* ShaderHelper.h */,
				E2E4622B1875ADD200CA2DB3 /* ShaderHelper.m */,
				E2E4622D1875B57F00CA2DB3 /* GLKHelper.h */,
				E2E4622E1875B57F00CA2DB3 /* GLKHelper.m */,
			);
			path = MandelbrotShader;
			sourceTree = "<group>";
		};
		E2AFD69C1874814300B04D8C /* Supporting Files */ = {
			isa = PBXGroup;
			children = (
				E2AFD69D1874814300B04D8C /* MandelbrotShader-Info.plist */,
				E2AFD69E1874814300B04D8C /* InfoPlist.strings */,
				E2AFD6A11874814300B04D8C /* main.m */,
				E2AFD6A31874814300B04D8C /* MandelbrotShader-Prefix.pch */,
			);
			name = "Supporting Files";
			sourceTree = "<group>";
		};
		E2AFD6BE1874814400B04D8C /* MandelbrotShaderTests */ = {
			isa = PBXGroup;
			children = (
				E2AFD6C41874814400B04D8C /* MandelbrotShaderTests.m */,
				E2AFD6BF1874814400B04D8C /* Supporting Files */,
			);
			path = MandelbrotShaderTests;
			sourceTree = "<group>";
		};
		E2AFD6BF1874814400B04D8C /* Supporting Files */ = {
			isa = PBXGroup;
			children = (
				E2AFD6C01874814400B04D8C /* MandelbrotShaderTests-Info.plist */,
				E2AFD6C11874814400B04D8C /* InfoPlist.strings */,
			);
			name = "Supporting Files";
			sourceTree = "<group>";
		};
/* End PBXGroup section */

/* Begin PBXNativeTarget section */
		E2AFD68D1874814300B04D8C /* MandelbrotShader */ = {
			isa = PBXNativeTarget;
			buildConfigurationList = E2AFD6C81874814400B04D8C /* Build configuration list for PBXNativeTarget "MandelbrotShader" */;
			buildPhases = (
				E2AFD68A1874814300B04D8C /* Sources */,
				E2AFD68B1874814300B04D8C /* Frameworks */,
				E2AFD68C1874814300B04D8C /* Resources */,
			);
			buildRules = (
			);
			dependencies = (
			);
			name = MandelbrotShader;
			productName = MandelbrotShader;
			productReference = E2AFD68E1874814300B04D8C /* MandelbrotShader.app */;
			productType = "com.apple.product-type.application";
		};
		E2AFD6B61874814300B04D8C /* MandelbrotShaderTests */ = {
			isa = PBXNativeTarget;
			buildConfigurationList = E2AFD6CB1874814400B04D8C /* Build configuration list for PBXNativeTarget "MandelbrotShaderTests" */;
			buildPhases = (
				E2AFD6B31874814300B04D8C /* Sources */,
				E2AFD6B41874814300B04D8C /* Frameworks */,
				E2AFD6B51874814300B04D8C /* Resources */,
			);
			buildRules = (
			);
			dependencies = (
				E2AFD6BD1874814400B04D8C /* PBXTargetDependency */,
			);
			name = MandelbrotShaderTests;
			productName = MandelbrotShaderTests;
			productReference = E2AFD6B71874814300B04D8C /* MandelbrotShaderTests.xctest */;
			productType = "com.apple.product-type.bundle.unit-test";
		};
/* End PBXNativeTarget section */

/* Begin PBXProject section */
		E2AFD6861874814300B04D8C /* Project object */ = {
			isa = PBXProject;
			attributes = {
				LastUpgradeCheck = 0500;
				ORGANIZATIONNAME = "Tamás Zahola";
				TargetAttributes = {
					E2AFD68D1874814300B04D8C = {
						DevelopmentTeam = 7Z38YLV73G;
					};
					E2AFD6B61874814300B04D8C = {
						TestTargetID = E2AFD68D1874814300B04D8C;
					};
				};
			};
			buildConfigurationList = E2AFD6891874814300B04D8C /* Build configuration list for PBXProject "MandelbrotShader" */;
			compatibilityVersion = "Xcode 3.2";
			developmentRegion = English;
			hasScannedForEncodings = 0;
			knownRegions = (
				en,
				Base,
			);
			mainGroup = E2AFD6851874814300B04D8C;
			productRefGroup = E2AFD68F1874814300B04D8C /* Products */;
			projectDirPath = "";
			projectRoot = "";
			targets = (
				E2AFD68D1874814300B04D8C /* MandelbrotShader */,
				E2AFD6B61874814300B04D8C /* MandelbrotShaderTests */,
			);
		};
/* End PBXProject section */

/* Begin PBXResourcesBuildPhase section */
		E2AFD68C1874814300B04D8C /* Resources */ = {
			isa = PBXResourcesBuildPhase;
			buildActionMask = 2147483647;
			files = (
				E28952E8187720EC00291782 /* icon29pt.png in Resources */,
				E28952E0187720EC00291782 /* icon76pt@2x.png in Resources */,
				E28952E1187720EC00291782 /* icon76pt.png in Resources */,
				E28952D518771D4A00291782 /* icon40pt@2x.png in Resources */,
				E28952E4187720EC00291782 /* icon72pt@2x.png in Resources */,
				E28952E6187720EC00291782 /* icon57pt@2x.png in Resources */,
				E28952EA1877214700291782 /* icon40pt.png in Resources */,
				E28952D418771D4A00291782 /* icon29pt@2x.png in Resources */,
				E28952E5187720EC00291782 /* icon72pt.png in Resources */,
				E28952E2187720EC00291782 /* icon50pt@2x.png in Resources */,
				E28952E7187720EC00291782 /* icon57pt.png in Resources */,
				E2CE822E187603BE00914531 /* JuliaShader.fsh in Resources */,
				E2AFD6AD1874814300B04D8C /* Shader.vsh in Resources */,
				E2AFD6B21874814300B04D8C /* Images.xcassets in Resources */,
				E2AFD6AB1874814300B04D8C /* MandelbrotShader.fsh in Resources */,
				E28952E3187720EC00291782 /* icon50pt.png in Resources */,
				E2AFD6A01874814300B04D8C /* InfoPlist.strings in Resources */,
				E28952D618771D4A00291782 /* icon60pt@2x.png in Resources */,
			);
			runOnlyForDeploymentPostprocessing = 0;
		};
		E2AFD6B51874814300B04D8C /* Resources */ = {
			isa = PBXResourcesBuildPhase;
			buildActionMask = 2147483647;
			files = (
				E2AFD6C31874814400B04D8C /* InfoPlist.strings in Resources */,
			);
			runOnlyForDeploymentPostprocessing = 0;
		};
/* End PBXResourcesBuildPhase section */

/* Begin PBXSourcesBuildPhase section */
		E2AFD68A1874814300B04D8C /* Sources */ = {
			isa = PBXSourcesBuildPhase;
			buildActionMask = 2147483647;
			files = (
				E2E4622C1875ADD200CA2DB3 /* ShaderHelper.m in Sources */,
				E2E4622F1875B57F00CA2DB3 /* GLKHelper.m in Sources */,
				E2AFD6B01874814300B04D8C /* ViewController.m in Sources */,
				E2AFD6A61874814300B04D8C /* AppDelegate.m in Sources */,
				E2AFD6A21874814300B04D8C /* main.m in Sources */,
			);
			runOnlyForDeploymentPostprocessing = 0;
		};
		E2AFD6B31874814300B04D8C /* Sources */ = {
			isa = PBXSourcesBuildPhase;
			buildActionMask = 2147483647;
			files = (
				E2AFD6C51874814400B04D8C /* MandelbrotShaderTests.m in Sources */,
			);
			runOnlyForDeploymentPostprocessing = 0;
		};
/* End PBXSourcesBuildPhase section */

/* Begin PBXTargetDependency section */
		E2AFD6BD1874814400B04D8C /* PBXTargetDependency */ = {
			isa = PBXTargetDependency;
			target = E2AFD68D1874814300B04D8C /* MandelbrotShader */;
			targetProxy = E2AFD6BC1874814400B04D8C /* PBXContainerItemProxy */;
		};
/* End PBXTargetDependency section */

/* Begin PBXVariantGroup section */
		E2AFD69E1874814300B04D8C /* InfoPlist.strings */ = {
			isa = PBXVariantGroup;
			children = (
				E2AFD69F1874814300B04D8C /* en */,
			);
			name = InfoPlist.strings;
			sourceTree = "<group>";
		};
		E2AFD6C11874814400B04D8C /* InfoPlist.strings */ = {
			isa = PBXVariantGroup;
			children = (
				E2AFD6C21874814400B04D8C /* en */,
			);
			name = InfoPlist.strings;
			sourceTree = "<group>";
		};
/* End PBXVariantGroup section */

/* Begin XCBuildConfiguration section */
		E2AFD6C61874814400B04D8C /* Debug */ = {
			isa = XCBuildConfiguration;
			buildSettings = {
				ALWAYS_SEARCH_USER_PATHS = NO;
				ARCHS = "$(ARCHS_STANDARD_INCLUDING_64_BIT)";
				CLANG_CXX_LANGUAGE_STANDARD = "gnu++0x";
				CLANG_CXX_LIBRARY = "libc++";
				CLANG_ENABLE_MODULES = YES;
				CLANG_ENABLE_OBJC_ARC = YES;
				CLANG_WARN_BOOL_CONVERSION = YES;
				CLANG_WARN_CONSTANT_CONVERSION = YES;
				CLANG_WARN_DIRECT_OBJC_ISA_USAGE = YES_ERROR;
				CLANG_WARN_EMPTY_BODY = YES;
				CLANG_WARN_ENUM_CONVERSION = YES;
				CLANG_WARN_INT_CONVERSION = YES;
				CLANG_WARN_OBJC_ROOT_CLASS = YES_ERROR;
				CLANG_WARN__DUPLICATE_METHOD_MATCH = YES;
				"CODE_SIGN_IDENTITY[sdk=iphoneos*]" = "iPhone Developer";
				COPY_PHASE_STRIP = NO;
				GCC_C_LANGUAGE_STANDARD = gnu99;
				GCC_DYNAMIC_NO_PIC = NO;
				GCC_OPTIMIZATION_LEVEL = 0;
				GCC_PREPROCESSOR_DEFINITIONS = (
					"DEBUG=1",
					"$(inherited)",
				);
				GCC_SYMBOLS_PRIVATE_EXTERN = NO;
				GCC_WARN_64_TO_32_BIT_CONVERSION = YES;
				GCC_WARN_ABOUT_RETURN_TYPE = YES_ERROR;
				GCC_WARN_UNDECLARED_SELECTOR = YES;
				GCC_WARN_UNINITIALIZED_AUTOS = YES;
				GCC_WARN_UNUSED_FUNCTION = YES;
				GCC_WARN_UNUSED_VARIABLE = YES;
				IPHONEOS_DEPLOYMENT_TARGET = 7.0;
				ONLY_ACTIVE_ARCH = YES;
				SDKROOT = iphoneos;
			};
			name = Debug;
		};
		E2AFD6C71874814400B04D8C /* Release */ = {
			isa = XCBuildConfiguration;
			buildSettings = {
				ALWAYS_SEARCH_USER_PATHS = NO;
				ARCHS = "$(ARCHS_STANDARD_INCLUDING_64_BIT)";
				CLANG_CXX_LANGUAGE_STANDARD = "gnu++0x";
				CLANG_CXX_LIBRARY = "libc++";
				CLANG_ENABLE_MODULES = YES;
				CLANG_ENABLE_OBJC_ARC = YES;
				CLANG_WARN_BOOL_CONVERSION = YES;
				CLANG_WARN_CONSTANT_CONVERSION = YES;
				CLANG_WARN_DIRECT_OBJC_ISA_USAGE = YES_ERROR;
				CLANG_WARN_EMPTY_BODY = YES;
				CLANG_WARN_ENUM_CONVERSION = YES;
				CLANG_WARN_INT_CONVERSION = YES;
				CLANG_WARN_OBJC_ROOT_CLASS = YES_ERROR;
				CLANG_WARN__DUPLICATE_METHOD_MATCH = YES;
				"CODE_SIGN_IDENTITY[sdk=iphoneos*]" = "iPhone Developer";
				COPY_PHASE_STRIP = YES;
				ENABLE_NS_ASSERTIONS = NO;
				GCC_C_LANGUAGE_STANDARD = gnu99;
				GCC_WARN_64_TO_32_BIT_CONVERSION = YES;
				GCC_WARN_ABOUT_RETURN_TYPE = YES_ERROR;
				GCC_WARN_UNDECLARED_SELECTOR = YES;
				GCC_WARN_UNINITIALIZED_AUTOS = YES;
				GCC_WARN_UNUSED_FUNCTION = YES;
				GCC_WARN_UNUSED_VARIABLE = YES;
				IPHONEOS_DEPLOYMENT_TARGET = 7.0;
				SDKROOT = iphoneos;
				VALIDATE_PRODUCT = YES;
			};
			name = Release;
		};
		E2AFD6C91874814400B04D8C /* Debug */ = {
			isa = XCBuildConfiguration;
			buildSettings = {
				ASSETCATALOG_COMPILER_APPICON_NAME = AppIcon;
				ASSETCATALOG_COMPILER_LAUNCHIMAGE_NAME = LaunchImage;
				CODE_SIGN_IDENTITY = "iPhone Developer";
				GCC_PRECOMPILE_PREFIX_HEADER = YES;
				GCC_PREFIX_HEADER = "MandelbrotShader/MandelbrotShader-Prefix.pch";
				INFOPLIST_FILE = "MandelbrotShader/MandelbrotShader-Info.plist";
				IPHONEOS_DEPLOYMENT_TARGET = 7.0;
				PRODUCT_NAME = "$(TARGET_NAME)";
				TARGETED_DEVICE_FAMILY = "1,2";
				WRAPPER_EXTENSION = app;
			};
			name = Debug;
		};
		E2AFD6CA1874814400B04D8C /* Release */ = {
			isa = XCBuildConfiguration;
			buildSettings = {
				ASSETCATALOG_COMPILER_APPICON_NAME = AppIcon;
				ASSETCATALOG_COMPILER_LAUNCHIMAGE_NAME = LaunchImage;
				CODE_SIGN_IDENTITY = "iPhone Developer";
				GCC_PRECOMPILE_PREFIX_HEADER = YES;
				GCC_PREFIX_HEADER = "MandelbrotShader/MandelbrotShader-Prefix.pch";
				INFOPLIST_FILE = "MandelbrotShader/MandelbrotShader-Info.plist";
				IPHONEOS_DEPLOYMENT_TARGET = 7.0;
				PRODUCT_NAME = "$(TARGET_NAME)";
				TARGETED_DEVICE_FAMILY = "1,2";
				WRAPPER_EXTENSION = app;
			};
			name = Release;
		};
		E2AFD6CC1874814400B04D8C /* Debug */ = {
			isa = XCBuildConfiguration;
			buildSettings = {
				ARCHS = "$(ARCHS_STANDARD_INCLUDING_64_BIT)";
				BUNDLE_LOADER = "$(BUILT_PRODUCTS_DIR)/MandelbrotShader.app/MandelbrotShader";
				FRAMEWORK_SEARCH_PATHS = (
					"$(SDKROOT)/Developer/Library/Frameworks",
					"$(inherited)",
					"$(DEVELOPER_FRAMEWORKS_DIR)",
				);
				GCC_PRECOMPILE_PREFIX_HEADER = YES;
				GCC_PREFIX_HEADER = "MandelbrotShader/MandelbrotShader-Prefix.pch";
				GCC_PREPROCESSOR_DEFINITIONS = (
					"DEBUG=1",
					"$(inherited)",
				);
				INFOPLIST_FILE = "MandelbrotShaderTests/MandelbrotShaderTests-Info.plist";
				PRODUCT_NAME = "$(TARGET_NAME)";
				TEST_HOST = "$(BUNDLE_LOADER)";
				WRAPPER_EXTENSION = xctest;
			};
			name = Debug;
		};
		E2AFD6CD1874814400B04D8C /* Release */ = {
			isa = XCBuildConfiguration;
			buildSettings = {
				ARCHS = "$(ARCHS_STANDARD_INCLUDING_64_BIT)";
				BUNDLE_LOADER = "$(BUILT_PRODUCTS_DIR)/MandelbrotShader.app/MandelbrotShader";
				FRAMEWORK_SEARCH_PATHS = (
					"$(SDKROOT)/Developer/Library/Frameworks",
					"$(inherited)",
					"$(DEVELOPER_FRAMEWORKS_DIR)",
				);
				GCC_PRECOMPILE_PREFIX_HEADER = YES;
				GCC_PREFIX_HEADER = "MandelbrotShader/MandelbrotShader-Prefix.pch";
				INFOPLIST_FILE = "MandelbrotShaderTests/MandelbrotShaderTests-Info.plist";
				PRODUCT_NAME = "$(TARGET_NAME)";
				TEST_HOST = "$(BUNDLE_LOADER)";
				WRAPPER_EXTENSION = xctest;
			};
			name = Release;
		};
/* End XCBuildConfiguration section */

/* Begin XCConfigurationList section */
		E2AFD6891874814300B04D8C /* Build configuration list for PBXProject "MandelbrotShader" */ = {
			isa = XCConfigurationList;
			buildConfigurations = (
				E2AFD6C61874814400B04D8C /* Debug */,
				E2AFD6C71874814400B04D8C /* Release */,
			);
			defaultConfigurationIsVisible = 0;
			defaultConfigurationName = Release;
		};
		E2AFD6C81874814400B04D8C /* Build configuration list for PBXNativeTarget "MandelbrotShader" */ = {
			isa = XCConfigurationList;
			buildConfigurations = (
				E2AFD6C91874814400B04D8C /* Debug */,
				E2AFD6CA1874814400B04D8C /* Release */,
			);
			defaultConfigurationIsVisible = 0;
			defaultConfigurationName = Release;
		};
		E2AFD6CB1874814400B04D8C /* Build configuration list for PBXNativeTarget "MandelbrotShaderTests" */ = {
			isa = XCConfigurationList;
			buildConfigurations = (
				E2AFD6CC1874814400B04D8C /* Debug */,
				E2AFD6CD1874814400B04D8C /* Release */,
			);
			defaultConfigurationIsVisible = 0;
			defaultConfigurationName = Release;
		};
/* End XCConfigurationList section */
	};
	rootObject = E2AFD6861874814300B04D8C /* Project object */;
}
